# This file is automatically @generated by Poetry 2.4.1 and should not be changed by hand.

[[package]]
name = "hobby-tracker-core"
version = "0.1.0"
description = "Core domain for hobby tracker"
optional = false
python-versions = ">=3.14"
groups = ["main"]
files = []
develop = true

[package.source]
type = "directory"
url = "../hobby-tracker-core"

[metadata]
lock-version = "2.1"
python-versions = ">=3.14"
content-hash = "7f1e20d92d6a6dc33cba392e9712b4e941ce8497bf6023da57a1cef748192cf6"
